
Microsoft Visual Studio Solution File, Format Version 12.00
Project("{FAE04EC0-301F-11D3-BF4B-00C04F79EFBC}") = "MauiDemo", "MauiDemo\MauiDemo.csproj", "{59877AA1-FEC0-4FE4-999A-AFBAF6D7A5EF}"
EndProject
Global
	GlobalSection(SolutionConfigurationPlatforms) = preSolution
		Debug|Any CPU = Debug|Any CPU
		Release|Any CPU = Release|Any CPU
	EndGlobalSection
	GlobalSection(ProjectConfigurationPlatforms) = postSolution
		{59877AA1-FEC0-4FE4-999A-AFBAF6D7A5EF}.Debug|Any CPU.ActiveCfg = Debug|Any CPU
		{59877AA1-FEC0-4FE4-999A-AFBAF6D7A5EF}.Debug|Any CPU.Build.0 = Debug|Any CPU
		{59877AA1-FEC0-4FE4-999A-AFBAF6D7A5EF}.Release|Any CPU.ActiveCfg = Release|Any CPU
		{59877AA1-FEC0-4FE4-999A-AFBAF6D7A5EF}.Release|Any CPU.Build.0 = Release|Any CPU
	EndGlobalSection
EndGlobal
